
Microsoft Visual Studio Solution File, Format Version 12.00
# Visual Studio 15
VisualStudioVersion = 15.0.28307.1321
MinimumVisualStudioVersion = 10.0.40219.1
Project("{9A19103F-16F7-4668-BE54-9A1E7A4F7556}") = "Redemption", "Redemption.csproj", "{7160ECFE-3C7C-4749-8F80-149692BE901A}"
EndProject
Global
	GlobalSection(SolutionConfigurationPlatforms) = preSolution
		Debug|Any CPU = Debug|Any CPU
		Release|Any CPU = Release|Any CPU
	EndGlobalSection
	GlobalSection(ProjectConfigurationPlatforms) = postSolution
		{7160ECFE-3C7C-4749-8F80-149692BE901A}.Debug|Any CPU.ActiveCfg = Debug|Any CPU
		{7160ECFE-3C7C-4749-8F80-149692BE901A}.Debug|Any CPU.Build.0 = Debug|Any CPU
		{7160ECFE-3C7C-4749-8F80-149692BE901A}.Release|Any CPU.ActiveCfg = Release|Any CPU
		{7160ECFE-3C7C-4749-8F80-149692BE901A}.Release|Any CPU.Build.0 = Release|Any CPU
	EndGlobalSection
	GlobalSection(SolutionProperties) = preSolution
		HideSolutionNode = FALSE
	EndGlobalSection
	GlobalSection(ExtensibilityGlobals) = postSolution
		SolutionGuid = {A10CFE52-F6F5-4B33-A30D-08EC1A78AF39}
	EndGlobalSection
EndGlobal
